// !$*UTF8*$!
{
	archiveVersion = 1;
	classes = {
	};
	objectVersion = 46;
	objects = {

/* Begin PBXBuildFile section */
		274DE76D1DCF2C6C00C6E09A /* AppDelegate.swift in Sources */ = {isa = PBXBuildFile; fileRef = 274DE76C1DCF2C6C00C6E09A /* AppDelegate.swift */; };
		274DE7721DCF2C6C00C6E09A /* Main.storyboard in Resources */ = {isa = PBXBuildFile; fileRef = 274DE7701DCF2C6C00C6E09A /* Main.storyboard */; };
		274DE7741DCF2C6C00C6E09A /* Assets.xcassets in Resources */ = {isa = PBXBuildFile; fileRef = 274DE7731DCF2C6C00C6E09A /* Assets.xcassets */; };
		274DE7771DCF2C6C00C6E09A /* LaunchScreen.storyboard in Resources */ = {isa = PBXBuildFile; fileRef = 274DE7751DCF2C6C00C6E09A /* LaunchScreen.storyboard */; };
		274DE7951DCF2CD900C6E09A /* LANProperties.m in Sources */ = {isa = PBXBuildFile; fileRef = 274DE7851DCF2CD900C6E09A /* LANProperties.m */; };
		274DE7961DCF2CD900C6E09A /* MacFinder.m in Sources */ = {isa = PBXBuildFile; fileRef = 274DE7871DCF2CD900C6E09A /* MacFinder.m */; };
		274DE7971DCF2CD900C6E09A /* MACOperation.m in Sources */ = {isa = PBXBuildFile; fileRef = 274DE7891DCF2CD900C6E09A /* MACOperation.m */; };
		274DE7991DCF2CDA00C6E09A /* NetworkCalculator.m in Sources */ = {isa = PBXBuildFile; fileRef = 274DE78D1DCF2CD900C6E09A /* NetworkCalculator.m */; };
		274DE79A1DCF2CDA00C6E09A /* PingOperation.m in Sources */ = {isa = PBXBuildFile; fileRef = 274DE78F1DCF2CD900C6E09A /* PingOperation.m */; };
		274DE79B1DCF2CDA00C6E09A /* SimplePing.m in Sources */ = {isa = PBXBuildFile; fileRef = 274DE7921DCF2CD900C6E09A /* SimplePing.m */; };
		274DE7A51DCF2DE200C6E09A /* MainVC.swift in Sources */ = {isa = PBXBuildFile; fileRef = 274DE7A41DCF2DE200C6E09A /* MainVC.swift */; };
		274DE7A71DCF2E1200C6E09A /* MainPresenter.swift in Sources */ = {isa = PBXBuildFile; fileRef = 274DE7A61DCF2E1200C6E09A /* MainPresenter.swift */; };
		274DE7AC1DCF3AF400C6E09A /* MMLANScanner.m in Sources */ = {isa = PBXBuildFile; fileRef = 274DE7AB1DCF3AF400C6E09A /* MMLANScanner.m */; };
		274DE7F21DCFE52200C6E09A /* DeviceCell.swift in Sources */ = {isa = PBXBuildFile; fileRef = 274DE7F11DCFE52200C6E09A /* DeviceCell.swift */; };
		27603A6B1E3AAF7700F17DB5 /* data.plist in Resources */ = {isa = PBXBuildFile; fileRef = 27603A6A1E3AAF7700F17DB5 /* data.plist */; };
		27F0DFD21F1065E40043C777 /* MMDevice.m in Sources */ = {isa = PBXBuildFile; fileRef = 27F0DFD11F1065E40043C777 /* MMDevice.m */; };
/* End PBXBuildFile section */

/* Begin PBXFileReference section */
		270DD9F91E4653A20041A61B /* if_arp.h */ = {isa = PBXFileReference; lastKnownFileType = sourcecode.c.h; path = if_arp.h; sourceTree = "<group>"; };
		270DD9FA1E4653A20041A61B /* if_ether.h */ = {isa = PBXFileReference; lastKnownFileType = sourcecode.c.h; path = if_ether.h; sourceTree = "<group>"; };
		270DD9FB1E4653A20041A61B /* route.h */ = {isa = PBXFileReference; lastKnownFileType = sourcecode.c.h; path = route.h; sourceTree = "<group>"; };
		274DE7691DCF2C6C00C6E09A /* MMLanScanSwiftDemo.app */ = {isa = PBXFileReference; explicitFileType = wrapper.application; includeInIndex = 0; path = MMLanScanSwiftDemo.app; sourceTree = BUILT_PRODUCTS_DIR; };
		274DE76C1DCF2C6C00C6E09A /* AppDelegate.swift */ = {isa = PBXFileReference; lastKnownFileType = sourcecode.swift; path = AppDelegate.swift; sourceTree = "<group>"; };
		274DE7711DCF2C6C00C6E09A /* Base */ = {isa = PBXFileReference; lastKnownFileType = file.storyboard; name = Base; path = Base.lproj/Main.storyboard; sourceTree = "<group>"; };
		274DE7731DCF2C6C00C6E09A /* Assets.xcassets */ = {isa = PBXFileReference; lastKnownFileType = folder.assetcatalog; path = Assets.xcassets; sourceTree = "<group>"; };
		274DE7761DCF2C6C00C6E09A /* Base */ = {isa = PBXFileReference; lastKnownFileType = file.storyboard; name = Base; path = Base.lproj/LaunchScreen.storyboard; sourceTree = "<group>"; };
		274DE7781DCF2C6C00C6E09A /* Info.plist */ = {isa = PBXFileReference; lastKnownFileType = text.plist.xml; path = Info.plist; sourceTree = "<group>"; };
		274DE7841DCF2CD900C6E09A /* LANProperties.h */ = {isa = PBXFileReference; fileEncoding = 4; lastKnownFileType = sourcecode.c.h; name = LANProperties.h; path = ../../MMLanScan/Misc/LANProperties.h; sourceTree = "<group>"; };
		274DE7851DCF2CD900C6E09A /* LANProperties.m */ = {isa = PBXFileReference; fileEncoding = 4; lastKnownFileType = sourcecode.c.objc; name = LANProperties.m; path = ../../MMLanScan/Misc/LANProperties.m; sourceTree = "<group>"; };
		274DE7861DCF2CD900C6E09A /* MacFinder.h */ = {isa = PBXFileReference; fileEncoding = 4; lastKnownFileType = sourcecode.c.h; name = MacFinder.h; path = "../MMLanScan/External Libs/MacFinder/MacFinder.h"; sourceTree = SOURCE_ROOT; };
		274DE7871DCF2CD900C6E09A /* MacFinder.m */ = {isa = PBXFileReference; fileEncoding = 4; lastKnownFileType = sourcecode.c.objc; name = MacFinder.m; path = "../MMLanScan/External Libs/MacFinder/MacFinder.m"; sourceTree = SOURCE_ROOT; };
		274DE7881DCF2CD900C6E09A /* MACOperation.h */ = {isa = PBXFileReference; fileEncoding = 4; lastKnownFileType = sourcecode.c.h; name = MACOperation.h; path = ../../MMLanScan/Misc/MACOperation.h; sourceTree = "<group>"; };
		274DE7891DCF2CD900C6E09A /* MACOperation.m */ = {isa = PBXFileReference; fileEncoding = 4; lastKnownFileType = sourcecode.c.objc; name = MACOperation.m; path = ../../MMLanScan/Misc/MACOperation.m; sourceTree = "<group>"; };
		274DE78C1DCF2CD900C6E09A /* NetworkCalculator.h */ = {isa = PBXFileReference; fileEncoding = 4; lastKnownFileType = sourcecode.c.h; name = NetworkCalculator.h; path = ../../MMLanScan/Misc/NetworkCalculator.h; sourceTree = "<group>"; };
		274DE78D1DCF2CD900C6E09A /* NetworkCalculator.m */ = {isa = PBXFileReference; fileEncoding = 4; lastKnownFileType = sourcecode.c.objc; name = NetworkCalculator.m; path = ../../MMLanScan/Misc/NetworkCalculator.m; sourceTree = "<group>"; };
		274DE78E1DCF2CD900C6E09A /* PingOperation.h */ = {isa = PBXFileReference; fileEncoding = 4; lastKnownFileType = sourcecode.c.h; name = PingOperation.h; path = ../../MMLanScan/Misc/PingOperation.h; sourceTree = "<group>"; };
		274DE78F1DCF2CD900C6E09A /* PingOperation.m */ = {isa = PBXFileReference; fileEncoding = 4; lastKnownFileType = sourcecode.c.objc; name = PingOperation.m; path = ../../MMLanScan/Misc/PingOperation.m; sourceTree = "<group>"; };
		274DE7911DCF2CD900C6E09A /* SimplePing.h */ = {isa = PBXFileReference; fileEncoding = 4; lastKnownFileType = sourcecode.c.h; path = SimplePing.h; sourceTree = "<group>"; };
		274DE7921DCF2CD900C6E09A /* SimplePing.m */ = {isa = PBXFileReference; fileEncoding = 4; lastKnownFileType = sourcecode.c.objc; path = SimplePing.m; sourceTree = "<group>"; };
		274DE7A41DCF2DE200C6E09A /* MainVC.swift */ = {isa = PBXFileReference; fileEncoding = 4; lastKnownFileType = sourcecode.swift; path = MainVC.swift; sourceTree = "<group>"; };
		274DE7A61DCF2E1200C6E09A /* MainPresenter.swift */ = {isa = PBXFileReference; fileEncoding = 4; lastKnownFileType = sourcecode.swift; path = MainPresenter.swift; sourceTree = "<group>"; };
		274DE7AA1DCF3AF400C6E09A /* MMLANScanner.h */ = {isa = PBXFileReference; fileEncoding = 4; lastKnownFileType = sourcecode.c.h; name = MMLANScanner.h; path = ../../MMLanScan/Misc/MMLANScanner.h; sourceTree = "<group>"; };
		274DE7AB1DCF3AF400C6E09A /* MMLANScanner.m */ = {isa = PBXFileReference; fileEncoding = 4; lastKnownFileType = sourcecode.c.objc; name = MMLANScanner.m; path = ../../MMLanScan/Misc/MMLANScanner.m; sourceTree = "<group>"; };
		274DE7AD1DCF3C6D00C6E09A /* MMLANScan-Bridging-Header.h */ = {isa = PBXFileReference; fileEncoding = 4; lastKnownFileType = sourcecode.c.h; path = "MMLANScan-Bridging-Header.h"; sourceTree = "<group>"; };
		274DE7F11DCFE52200C6E09A /* DeviceCell.swift */ = {isa = PBXFileReference; fileEncoding = 4; lastKnownFileType = sourcecode.swift; path = DeviceCell.swift; sourceTree = "<group>"; };
		27603A6A1E3AAF7700F17DB5 /* data.plist */ = {isa = PBXFileReference; fileEncoding = 4; lastKnownFileType = text.plist.xml; path = data.plist; sourceTree = "<group>"; };
		27F0DFD01F1065E40043C777 /* MMDevice.h */ = {isa = PBXFileReference; fileEncoding = 4; lastKnownFileType = sourcecode.c.h; path = MMDevice.h; sourceTree = "<group>"; };
		27F0DFD11F1065E40043C777 /* MMDevice.m */ = {isa = PBXFileReference; fileEncoding = 4; lastKnownFileType = sourcecode.c.objc; path = MMDevice.m; sourceTree = "<group>"; };
/* End PBXFileReference section */

/* Begin PBXFrameworksBuildPhase section */
		274DE7661DCF2C6C00C6E09A /* Frameworks */ = {
			isa = PBXFrameworksBuildPhase;
			buildActionMask = 2147483647;
			files = (
			);
			runOnlyForDeploymentPostprocessing = 0;
		};
/* End PBXFrameworksBuildPhase section */

/* Begin PBXGroup section */
		270DD9F71E4653500041A61B /* MacFinder */ = {
			isa = PBXGroup;
			children = (
				270DD9F81E4653720041A61B /* Network Headers */,
				274DE7861DCF2CD900C6E09A /* MacFinder.h */,
				274DE7871DCF2CD900C6E09A /* MacFinder.m */,
			);
			name = MacFinder;
			path = "../MMLanScan/External Libs/MacFinder";
			sourceTree = SOURCE_ROOT;
		};
		270DD9F81E4653720041A61B /* Network Headers */ = {
			isa = PBXGroup;
			children = (
				270DD9F91E4653A20041A61B /* if_arp.h */,
				270DD9FA1E4653A20041A61B /* if_ether.h */,
				270DD9FB1E4653A20041A61B /* route.h */,
			);
			path = "Network Headers";
			sourceTree = "<group>";
		};
		270DD9FC1E4653D20041A61B /* Simple Ping */ = {
			isa = PBXGroup;
			children = (
				274DE7911DCF2CD900C6E09A /* SimplePing.h */,
				274DE7921DCF2CD900C6E09A /* SimplePing.m */,
			);
			name = "Simple Ping";
			path = "../MMLanScan/External Libs/SimplePing";
			sourceTree = SOURCE_ROOT;
		};
		270DDA021E4656F20041A61B /* Data */ = {
			isa = PBXGroup;
			children = (
				27603A6A1E3AAF7700F17DB5 /* data.plist */,
			);
			name = Data;
			path = ../MMLanScan/Data;
			sourceTree = SOURCE_ROOT;
		};
		274DE7601DCF2C6B00C6E09A = {
			isa = PBXGroup;
			children = (
				274DE76B1DCF2C6C00C6E09A /* MMLanScanSwiftDemo */,
				274DE76A1DCF2C6C00C6E09A /* Products */,
			);
			sourceTree = "<group>";
		};
		274DE76A1DCF2C6C00C6E09A /* Products */ = {
			isa = PBXGroup;
			children = (
				274DE7691DCF2C6C00C6E09A /* MMLanScanSwiftDemo.app */,
			);
			name = Products;
			sourceTree = "<group>";
		};
		274DE76B1DCF2C6C00C6E09A /* MMLanScanSwiftDemo */ = {
			isa = PBXGroup;
			children = (
				274DE79D1DCF2D3800C6E09A /* MainVC */,
				274DE79E1DCF2D3E00C6E09A /* Objects */,
				274DE79F1DCF2D5000C6E09A /* Libraries */,
				820A7F6C1DD08A2300EF11EA /* Bridging Header */,
				274DE7EE1DCFE45F00C6E09A /* Cells */,
				274DE7A81DCF2E2700C6E09A /* Storyboards */,
				820A7F6D1DD08A5E00EF11EA /* Supporting Files */,
				274DE76C1DCF2C6C00C6E09A /* AppDelegate.swift */,
			);
			path = MMLanScanSwiftDemo;
			sourceTree = "<group>";
		};
		274DE79C1DCF2D0A00C6E09A /* OUI */ = {
			isa = PBXGroup;
			children = (
			);
			name = OUI;
			sourceTree = "<group>";
		};
		274DE79D1DCF2D3800C6E09A /* MainVC */ = {
			isa = PBXGroup;
			children = (
				274DE7A41DCF2DE200C6E09A /* MainVC.swift */,
				274DE7A61DCF2E1200C6E09A /* MainPresenter.swift */,
			);
			name = MainVC;
			sourceTree = "<group>";
		};
		274DE79E1DCF2D3E00C6E09A /* Objects */ = {
			isa = PBXGroup;
			children = (
				27F0DFD01F1065E40043C777 /* MMDevice.h */,
				27F0DFD11F1065E40043C777 /* MMDevice.m */,
			);
			name = Objects;
			path = ../MMLanScan/Objects;
			sourceTree = SOURCE_ROOT;
		};
		274DE79F1DCF2D5000C6E09A /* Libraries */ = {
			isa = PBXGroup;
			children = (
				270DDA021E4656F20041A61B /* Data */,
				274DE7A01DCF2D5800C6E09A /* LAN Scan Libs */,
				274DE7A11DCF2D7900C6E09A /* Operations */,
				274DE7A21DCF2D8A00C6E09A /* External Libs */,
			);
			name = Libraries;
			sourceTree = "<group>";
		};
		274DE7A01DCF2D5800C6E09A /* LAN Scan Libs */ = {
			isa = PBXGroup;
			children = (
				274DE7AA1DCF3AF400C6E09A /* MMLANScanner.h */,
				274DE7AB1DCF3AF400C6E09A /* MMLANScanner.m */,
				274DE7841DCF2CD900C6E09A /* LANProperties.h */,
				274DE7851DCF2CD900C6E09A /* LANProperties.m */,
				274DE78C1DCF2CD900C6E09A /* NetworkCalculator.h */,
				274DE78D1DCF2CD900C6E09A /* NetworkCalculator.m */,
			);
			name = "LAN Scan Libs";
			sourceTree = "<group>";
		};
		274DE7A11DCF2D7900C6E09A /* Operations */ = {
			isa = PBXGroup;
			children = (
				274DE7881DCF2CD900C6E09A /* MACOperation.h */,
				274DE7891DCF2CD900C6E09A /* MACOperation.m */,
				274DE78E1DCF2CD900C6E09A /* PingOperation.h */,
				274DE78F1DCF2CD900C6E09A /* PingOperation.m */,
			);
			name = Operations;
			sourceTree = "<group>";
		};
		274DE7A21DCF2D8A00C6E09A /* External Libs */ = {
			isa = PBXGroup;
			children = (
				270DD9FC1E4653D20041A61B /* Simple Ping */,
				270DD9F71E4653500041A61B /* MacFinder */,
			);
			name = "External Libs";
			path = "../MMLanScan/External Libs";
			sourceTree = SOURCE_ROOT;
		};
		274DE7A81DCF2E2700C6E09A /* Storyboards */ = {
			isa = PBXGroup;
			children = (
				274DE7701DCF2C6C00C6E09A /* Main.storyboard */,
				274DE7751DCF2C6C00C6E09A /* LaunchScreen.storyboard */,
			);
			name = Storyboards;
			sourceTree = "<group>";
		};
		274DE7EE1DCFE45F00C6E09A /* Cells */ = {
			isa = PBXGroup;
			children = (
				274DE7F11DCFE52200C6E09A /* DeviceCell.swift */,
			);
			name = Cells;
			sourceTree = "<group>";
		};
		820A7F6C1DD08A2300EF11EA /* Bridging Header */ = {
			isa = PBXGroup;
			children = (
				274DE7AD1DCF3C6D00C6E09A /* MMLANScan-Bridging-Header.h */,
			);
			name = "Bridging Header";
			sourceTree = "<group>";
		};
		820A7F6D1DD08A5E00EF11EA /* Supporting Files */ = {
			isa = PBXGroup;
			children = (
				274DE79C1DCF2D0A00C6E09A /* OUI */,
				274DE7731DCF2C6C00C6E09A /* Assets.xcassets */,
				274DE7781DCF2C6C00C6E09A /* Info.plist */,
			);
			name = "Supporting Files";
			sourceTree = "<group>";
		};
/* End PBXGroup section */

/* Begin PBXNativeTarget section */
		274DE7681DCF2C6C00C6E09A /* MMLanScanSwiftDemo */ = {
			isa = PBXNativeTarget;
			buildConfigurationList = 274DE77B1DCF2C6C00C6E09A /* Build configuration list for PBXNativeTarget "MMLanScanSwiftDemo" */;
			buildPhases = (
				274DE7651DCF2C6C00C6E09A /* Sources */,
				274DE7661DCF2C6C00C6E09A /* Frameworks */,
				274DE7671DCF2C6C00C6E09A /* Resources */,
			);
			buildRules = (
			);
			dependencies = (
			);
			name = MMLanScanSwiftDemo;
			productName = MMLanScanSwiftDemo;
			productReference = 274DE7691DCF2C6C00C6E09A /* MMLanScanSwiftDemo.app */;
			productType = "com.apple.product-type.application";
		};
/* End PBXNativeTarget section */

/* Begin PBXProject section */
		274DE7611DCF2C6B00C6E09A /* Project object */ = {
			isa = PBXProject;
			attributes = {
				LastSwiftUpdateCheck = 0800;
				LastUpgradeCheck = 1200;
				ORGANIZATIONNAME = Miksoft;
				TargetAttributes = {
					274DE7681DCF2C6C00C6E09A = {
						CreatedOnToolsVersion = 8.0;
						DevelopmentTeam = JSY962FCU8;
						LastSwiftMigration = 0800;
						ProvisioningStyle = Automatic;
					};
				};
			};
			buildConfigurationList = 274DE7641DCF2C6B00C6E09A /* Build configuration list for PBXProject "MMLanScanSwiftDemo" */;
			compatibilityVersion = "Xcode 3.2";
			developmentRegion = en;
			hasScannedForEncodings = 0;
			knownRegions = (
				en,
				Base,
			);
			mainGroup = 274DE7601DCF2C6B00C6E09A;
			productRefGroup = 274DE76A1DCF2C6C00C6E09A /* Products */;
			projectDirPath = "";
			projectRoot = "";
			targets = (
				274DE7681DCF2C6C00C6E09A /* MMLanScanSwiftDemo */,
			);
		};
/* End PBXProject section */

/* Begin PBXResourcesBuildPhase section */
		274DE7671DCF2C6C00C6E09A /* Resources */ = {
			isa = PBXResourcesBuildPhase;
			buildActionMask = 2147483647;
			files = (
				274DE7771DCF2C6C00C6E09A /* LaunchScreen.storyboard in Resources */,
				274DE7741DCF2C6C00C6E09A /* Assets.xcassets in Resources */,
				27603A6B1E3AAF7700F17DB5 /* data.plist in Resources */,
				274DE7721DCF2C6C00C6E09A /* Main.storyboard in Resources */,
			);
			runOnlyForDeploymentPostprocessing = 0;
		};
/* End PBXResourcesBuildPhase section */

/* Begin PBXSourcesBuildPhase section */
		274DE7651DCF2C6C00C6E09A /* Sources */ = {
			isa = PBXSourcesBuildPhase;
			buildActionMask = 2147483647;
			files = (
				274DE7A51DCF2DE200C6E09A /* MainVC.swift in Sources */,
				274DE7991DCF2CDA00C6E09A /* NetworkCalculator.m in Sources */,
				274DE79B1DCF2CDA00C6E09A /* SimplePing.m in Sources */,
				274DE7951DCF2CD900C6E09A /* LANProperties.m in Sources */,
				274DE7971DCF2CD900C6E09A /* MACOperation.m in Sources */,
				274DE7AC1DCF3AF400C6E09A /* MMLANScanner.m in Sources */,
				274DE7961DCF2CD900C6E09A /* MacFinder.m in Sources */,
				27F0DFD21F1065E40043C777 /* MMDevice.m in Sources */,
				274DE7A71DCF2E1200C6E09A /* MainPresenter.swift in Sources */,
				274DE76D1DCF2C6C00C6E09A /* AppDelegate.swift in Sources */,
				274DE79A1DCF2CDA00C6E09A /* PingOperation.m in Sources */,
				274DE7F21DCFE52200C6E09A /* DeviceCell.swift in Sources */,
			);
			runOnlyForDeploymentPostprocessing = 0;
		};
/* End PBXSourcesBuildPhase section */

/* Begin PBXVariantGroup section */
		274DE7701DCF2C6C00C6E09A /* Main.storyboard */ = {
			isa = PBXVariantGroup;
			children = (
				274DE7711DCF2C6C00C6E09A /* Base */,
			);
			name = Main.storyboard;
			sourceTree = "<group>";
		};
		274DE7751DCF2C6C00C6E09A /* LaunchScreen.storyboard */ = {
			isa = PBXVariantGroup;
			children = (
				274DE7761DCF2C6C00C6E09A /* Base */,
			);
			name = LaunchScreen.storyboard;
			sourceTree = "<group>";
		};
/* End PBXVariantGroup section */

/* Begin XCBuildConfiguration section */
		274DE7791DCF2C6C00C6E09A /* Debug */ = {
			isa = XCBuildConfiguration;
			buildSettings = {
				ALWAYS_SEARCH_USER_PATHS = NO;
				CLANG_ANALYZER_LOCALIZABILITY_NONLOCALIZED = YES;
				CLANG_ANALYZER_NONNULL = YES;
				CLANG_CXX_LANGUAGE_STANDARD = "gnu++0x";
				CLANG_CXX_LIBRARY = "libc++";
				CLANG_ENABLE_MODULES = YES;
				CLANG_ENABLE_OBJC_ARC = YES;
				CLANG_WARN_BLOCK_CAPTURE_AUTORELEASING = YES;
				CLANG_WARN_BOOL_CONVERSION = YES;
				CLANG_WARN_COMMA = YES;
				CLANG_WARN_CONSTANT_CONVERSION = YES;
				CLANG_WARN_DEPRECATED_OBJC_IMPLEMENTATIONS = YES;
				CLANG_WARN_DIRECT_OBJC_ISA_USAGE = YES_ERROR;
				CLANG_WARN_DOCUMENTATION_COMMENTS = YES;
				CLANG_WARN_EMPTY_BODY = YES;
				CLANG_WARN_ENUM_CONVERSION = YES;
				CLANG_WARN_INFINITE_RECURSION = YES;
				CLANG_WARN_INT_CONVERSION = YES;
				CLANG_WARN_NON_LITERAL_NULL_CONVERSION = YES;
				CLANG_WARN_OBJC_IMPLICIT_RETAIN_SELF = YES;
				CLANG_WARN_OBJC_LITERAL_CONVERSION = YES;
				CLANG_WARN_OBJC_ROOT_CLASS = YES_ERROR;
				CLANG_WARN_QUOTED_INCLUDE_IN_FRAMEWORK_HEADER = YES;
				CLANG_WARN_RANGE_LOOP_ANALYSIS = YES;
				CLANG_WARN_STRICT_PROTOTYPES = YES;
				CLANG_WARN_SUSPICIOUS_MOVE = YES;
				CLANG_WARN_SUSPICIOUS_MOVES = YES;
				CLANG_WARN_UNREACHABLE_CODE = YES;
				CLANG_WARN__DUPLICATE_METHOD_MATCH = YES;
				"CODE_SIGN_IDENTITY[sdk=iphoneos*]" = "iPhone Developer";
				COPY_PHASE_STRIP = NO;
				DEBUG_INFORMATION_FORMAT = dwarf;
				ENABLE_STRICT_OBJC_MSGSEND = YES;
				ENABLE_TESTABILITY = YES;
				GCC_C_LANGUAGE_STANDARD = gnu99;
				GCC_DYNAMIC_NO_PIC = NO;
				GCC_NO_COMMON_BLOCKS = YES;
				GCC_OPTIMIZATION_LEVEL = 0;
				GCC_PREPROCESSOR_DEFINITIONS = (
					"DEBUG=1",
					"$(inherited)",
				);
				GCC_WARN_64_TO_32_BIT_CONVERSION = YES;
				GCC_WARN_ABOUT_RETURN_TYPE = YES_ERROR;
				GCC_WARN_UNDECLARED_SELECTOR = YES;
				GCC_WARN_UNINITIALIZED_AUTOS = YES_AGGRESSIVE;
				GCC_WARN_UNUSED_FUNCTION = YES;
				GCC_WARN_UNUSED_VARIABLE = YES;
				IPHONEOS_DEPLOYMENT_TARGET = 12.0;
				MTL_ENABLE_DEBUG_INFO = YES;
				ONLY_ACTIVE_ARCH = YES;
				SDKROOT = iphoneos;
				SWIFT_ACTIVE_COMPILATION_CONDITIONS = DEBUG;
				SWIFT_OPTIMIZATION_LEVEL = "-Onone";
			};
			name = Debug;
		};
		274DE77A1DCF2C6C00C6E09A /* Release */ = {
			isa = XCBuildConfiguration;
			buildSettings = {
				ALWAYS_SEARCH_USER_PATHS = NO;
				CLANG_ANALYZER_LOCALIZABILITY_NONLOCALIZED = YES;
				CLANG_ANALYZER_NONNULL = YES;
				CLANG_CXX_LANGUAGE_STANDARD = "gnu++0x";
				CLANG_CXX_LIBRARY = "libc++";
				CLANG_ENABLE_MODULES = YES;
				CLANG_ENABLE_OBJC_ARC = YES;
				CLANG_WARN_BLOCK_CAPTURE_AUTORELEASING = YES;
				CLANG_WARN_BOOL_CONVERSION = YES;
				CLANG_WARN_COMMA = YES;
				CLANG_WARN_CONSTANT_CONVERSION = YES;
				CLANG_WARN_DEPRECATED_OBJC_IMPLEMENTATIONS = YES;
				CLANG_WARN_DIRECT_OBJC_ISA_USAGE = YES_ERROR;
				CLANG_WARN_DOCUMENTATION_COMMENTS = YES;
				CLANG_WARN_EMPTY_BODY = YES;
				CLANG_WARN_ENUM_CONVERSION = YES;
				CLANG_WARN_INFINITE_RECURSION = YES;
				CLANG_WARN_INT_CONVERSION = YES;
				CLANG_WARN_NON_LITERAL_NULL_CONVERSION = YES;
				CLANG_WARN_OBJC_IMPLICIT_RETAIN_SELF = YES;
				CLANG_WARN_OBJC_LITERAL_CONVERSION = YES;
				CLANG_WARN_OBJC_ROOT_CLASS = YES_ERROR;
				CLANG_WARN_QUOTED_INCLUDE_IN_FRAMEWORK_HEADER = YES;
				CLANG_WARN_RANGE_LOOP_ANALYSIS = YES;
				CLANG_WARN_STRICT_PROTOTYPES = YES;
				CLANG_WARN_SUSPICIOUS_MOVE = YES;
				CLANG_WARN_SUSPICIOUS_MOVES = YES;
				CLANG_WARN_UNREACHABLE_CODE = YES;
				CLANG_WARN__DUPLICATE_METHOD_MATCH = YES;
				"CODE_SIGN_IDENTITY[sdk=iphoneos*]" = "iPhone Developer";
				COPY_PHASE_STRIP = NO;
				DEBUG_INFORMATION_FORMAT = "dwarf-with-dsym";
				ENABLE_NS_ASSERTIONS = NO;
				ENABLE_STRICT_OBJC_MSGSEND = YES;
				GCC_C_LANGUAGE_STANDARD = gnu99;
				GCC_NO_COMMON_BLOCKS = YES;
				GCC_WARN_64_TO_32_BIT_CONVERSION = YES;
				GCC_WARN_ABOUT_RETURN_TYPE = YES_ERROR;
				GCC_WARN_UNDECLARED_SELECTOR = YES;
				GCC_WARN_UNINITIALIZED_AUTOS = YES_AGGRESSIVE;
				GCC_WARN_UNUSED_FUNCTION = YES;
				GCC_WARN_UNUSED_VARIABLE = YES;
				IPHONEOS_DEPLOYMENT_TARGET = 12.0;
				MTL_ENABLE_DEBUG_INFO = NO;
				SDKROOT = iphoneos;
				SWIFT_OPTIMIZATION_LEVEL = "-Owholemodule";
				VALIDATE_PRODUCT = YES;
			};
			name = Release;
		};
		274DE77C1DCF2C6C00C6E09A /* Debug */ = {
			isa = XCBuildConfiguration;
			buildSettings = {
				ALWAYS_EMBED_SWIFT_STANDARD_LIBRARIES = YES;
				ASSETCATALOG_COMPILER_APPICON_NAME = AppIcon;
				CLANG_ENABLE_MODULES = YES;
				"CODE_SIGN_IDENTITY[sdk=iphoneos*]" = "iPhone Developer";
				CODE_SIGN_STYLE = Automatic;
				DEVELOPMENT_TEAM = JSY962FCU8;
				INFOPLIST_FILE = MMLanScanSwiftDemo/Info.plist;
				LD_RUNPATH_SEARCH_PATHS = "$(inherited) @executable_path/Frameworks";
				PRODUCT_BUNDLE_IDENTIFIER = com.miksoft.MMLanScanSwiftDemo;
				PRODUCT_NAME = "$(TARGET_NAME)";
				PROVISIONING_PROFILE_SPECIFIER = "";
				SWIFT_OBJC_BRIDGING_HEADER = "MMLANScanSwiftDemo/MMLANScan-Bridging-Header.h";
				SWIFT_OBJC_INTERFACE_HEADER_NAME = "";
				SWIFT_OPTIMIZATION_LEVEL = "-Onone";
				SWIFT_VERSION = 5.0;
				USER_HEADER_SEARCH_PATHS = "${SRCROOT}";
			};
			name = Debug;
		};
		274DE77D1DCF2C6C00C6E09A /* Release */ = {
			isa = XCBuildConfiguration;
			buildSettings = {
				ALWAYS_EMBED_SWIFT_STANDARD_LIBRARIES = YES;
				ASSETCATALOG_COMPILER_APPICON_NAME = AppIcon;
				CLANG_ENABLE_MODULES = YES;
				"CODE_SIGN_IDENTITY[sdk=iphoneos*]" = "iPhone Developer";
				CODE_SIGN_STYLE = Automatic;
				DEVELOPMENT_TEAM = JSY962FCU8;
				INFOPLIST_FILE = MMLanScanSwiftDemo/Info.plist;
				LD_RUNPATH_SEARCH_PATHS = "$(inherited) @executable_path/Frameworks";
				PRODUCT_BUNDLE_IDENTIFIER = com.miksoft.MMLanScanSwiftDemo;
				PRODUCT_NAME = "$(TARGET_NAME)";
				PROVISIONING_PROFILE_SPECIFIER = "";
				SWIFT_OBJC_BRIDGING_HEADER = "MMLANScanSwiftDemo/MMLANScan-Bridging-Header.h";
				SWIFT_OBJC_INTERFACE_HEADER_NAME = "";
				SWIFT_VERSION = 5.0;
				USER_HEADER_SEARCH_PATHS = "${SRCROOT}";
			};
			name = Release;
		};
/* End XCBuildConfiguration section */

/* Begin XCConfigurationList section */
		274DE7641DCF2C6B00C6E09A /* Build configuration list for PBXProject "MMLanScanSwiftDemo" */ = {
			isa = XCConfigurationList;
			buildConfigurations = (
				274DE7791DCF2C6C00C6E09A /* Debug */,
				274DE77A1DCF2C6C00C6E09A /* Release */,
			);
			defaultConfigurationIsVisible = 0;
			defaultConfigurationName = Release;
		};
		274DE77B1DCF2C6C00C6E09A /* Build configuration list for PBXNativeTarget "MMLanScanSwiftDemo" */ = {
			isa = XCConfigurationList;
			buildConfigurations = (
				274DE77C1DCF2C6C00C6E09A /* Debug */,
				274DE77D1DCF2C6C00C6E09A /* Release */,
			);
			defaultConfigurationIsVisible = 0;
			defaultConfigurationName = Release;
		};
/* End XCConfigurationList section */
	};
	rootObject = 274DE7611DCF2C6B00C6E09A /* Project object */;
}
