// !$*UTF8*$!
{
	archiveVersion = 1;
	classes = {
	};
	objectVersion = 46;
	objects = {

/* Begin PBXBuildFile section */
		2701AA341D62000B0058128B /* OUIParser.m in Sources */ = {isa = PBXBuildFile; fileRef = 2701AA331D62000B0058128B /* OUIParser.m */; };
		273FF3891D61D5130077E0E0 /* oui.txt in Resources */ = {isa = PBXBuildFile; fileRef = 273FF3881D61D5130077E0E0 /* oui.txt */; };
		27603A691E3AAE4C00F17DB5 /* data.plist in Resources */ = {isa = PBXBuildFile; fileRef = 27603A681E3AAE4C00F17DB5 /* data.plist */; };
		279335C71D5D1CB9001DFE84 /* main.m in Sources */ = {isa = PBXBuildFile; fileRef = 279335C61D5D1CB9001DFE84 /* main.m */; };
		279335CA1D5D1CB9001DFE84 /* AppDelegate.m in Sources */ = {isa = PBXBuildFile; fileRef = 279335C91D5D1CB9001DFE84 /* AppDelegate.m */; };
		279335D01D5D1CB9001DFE84 /* Main.storyboard in Resources */ = {isa = PBXBuildFile; fileRef = 279335CE1D5D1CB9001DFE84 /* Main.storyboard */; };
		279335D21D5D1CB9001DFE84 /* Assets.xcassets in Resources */ = {isa = PBXBuildFile; fileRef = 279335D11D5D1CB9001DFE84 /* Assets.xcassets */; };
		279335D51D5D1CB9001DFE84 /* LaunchScreen.storyboard in Resources */ = {isa = PBXBuildFile; fileRef = 279335D31D5D1CB9001DFE84 /* LaunchScreen.storyboard */; };
		279335DE1D5D1CE5001DFE84 /* MainVC.m in Sources */ = {isa = PBXBuildFile; fileRef = 279335DD1D5D1CE5001DFE84 /* MainVC.m */; };
		279335E71D5D2066001DFE84 /* DeviceCell.m in Sources */ = {isa = PBXBuildFile; fileRef = 279335E61D5D2066001DFE84 /* DeviceCell.m */; };
		279335F71D5D2129001DFE84 /* LANProperties.m in Sources */ = {isa = PBXBuildFile; fileRef = 279335EB1D5D2129001DFE84 /* LANProperties.m */; };
		279335F81D5D2129001DFE84 /* MMLANScanner.m in Sources */ = {isa = PBXBuildFile; fileRef = 279335ED1D5D2129001DFE84 /* MMLANScanner.m */; };
		279335FB1D5D2129001DFE84 /* SimplePing.m in Sources */ = {isa = PBXBuildFile; fileRef = 279335F31D5D2129001DFE84 /* SimplePing.m */; };
		279336081D5D2BDC001DFE84 /* NetworkCalculator.m in Sources */ = {isa = PBXBuildFile; fileRef = 279336071D5D2BDC001DFE84 /* NetworkCalculator.m */; };
		27DBF0001E45FEF100685616 /* MacFinder.m in Sources */ = {isa = PBXBuildFile; fileRef = 27DBEFFF1E45FEF100685616 /* MacFinder.m */; };
		27F0DFCF1F105E1B0043C777 /* MMDevice.m in Sources */ = {isa = PBXBuildFile; fileRef = 27F0DFCE1F105E1B0043C777 /* MMDevice.m */; };
		82194E9D1DCC7F49003F2BA1 /* MainPresenter.m in Sources */ = {isa = PBXBuildFile; fileRef = 82194E9C1DCC7F49003F2BA1 /* MainPresenter.m */; };
		8224B5B81DCB7AAC00AE606F /* MACOperation.m in Sources */ = {isa = PBXBuildFile; fileRef = 8224B5B51DCB7AAC00AE606F /* MACOperation.m */; };
		8224B5B91DCB7AAC00AE606F /* PingOperation.m in Sources */ = {isa = PBXBuildFile; fileRef = 8224B5B71DCB7AAC00AE606F /* PingOperation.m */; };
/* End PBXBuildFile section */

/* Begin PBXFileReference section */
		2701AA321D62000B0058128B /* OUIParser.h */ = {isa = PBXFileReference; fileEncoding = 4; lastKnownFileType = sourcecode.c.h; path = OUIParser.h; sourceTree = "<group>"; };
		2701AA331D62000B0058128B /* OUIParser.m */ = {isa = PBXFileReference; fileEncoding = 4; lastKnownFileType = sourcecode.c.objc; path = OUIParser.m; sourceTree = "<group>"; };
		273FF3881D61D5130077E0E0 /* oui.txt */ = {isa = PBXFileReference; fileEncoding = 4; lastKnownFileType = text; path = oui.txt; sourceTree = "<group>"; };
		27603A681E3AAE4C00F17DB5 /* data.plist */ = {isa = PBXFileReference; fileEncoding = 4; lastKnownFileType = text.plist.xml; path = data.plist; sourceTree = "<group>"; };
		279335C21D5D1CB9001DFE84 /* MMLanScanDemo.app */ = {isa = PBXFileReference; explicitFileType = wrapper.application; includeInIndex = 0; path = MMLanScanDemo.app; sourceTree = BUILT_PRODUCTS_DIR; };
		279335C61D5D1CB9001DFE84 /* main.m */ = {isa = PBXFileReference; lastKnownFileType = sourcecode.c.objc; path = main.m; sourceTree = "<group>"; };
		279335C81D5D1CB9001DFE84 /* AppDelegate.h */ = {isa = PBXFileReference; lastKnownFileType = sourcecode.c.h; path = AppDelegate.h; sourceTree = "<group>"; };
		279335C91D5D1CB9001DFE84 /* AppDelegate.m */ = {isa = PBXFileReference; lastKnownFileType = sourcecode.c.objc; path = AppDelegate.m; sourceTree = "<group>"; };
		279335CF1D5D1CB9001DFE84 /* Base */ = {isa = PBXFileReference; lastKnownFileType = file.storyboard; name = Base; path = Base.lproj/Main.storyboard; sourceTree = "<group>"; };
		279335D11D5D1CB9001DFE84 /* Assets.xcassets */ = {isa = PBXFileReference; lastKnownFileType = folder.assetcatalog; path = Assets.xcassets; sourceTree = "<group>"; };
		279335D41D5D1CB9001DFE84 /* Base */ = {isa = PBXFileReference; lastKnownFileType = file.storyboard; name = Base; path = Base.lproj/LaunchScreen.storyboard; sourceTree = "<group>"; };
		279335D61D5D1CB9001DFE84 /* Info.plist */ = {isa = PBXFileReference; lastKnownFileType = text.plist.xml; path = Info.plist; sourceTree = "<group>"; };
		279335DC1D5D1CE5001DFE84 /* MainVC.h */ = {isa = PBXFileReference; fileEncoding = 4; lastKnownFileType = sourcecode.c.h; path = MainVC.h; sourceTree = "<group>"; };
		279335DD1D5D1CE5001DFE84 /* MainVC.m */ = {isa = PBXFileReference; fileEncoding = 4; lastKnownFileType = sourcecode.c.objc; path = MainVC.m; sourceTree = "<group>"; };
		279335E51D5D2066001DFE84 /* DeviceCell.h */ = {isa = PBXFileReference; fileEncoding = 4; lastKnownFileType = sourcecode.c.h; path = DeviceCell.h; sourceTree = "<group>"; };
		279335E61D5D2066001DFE84 /* DeviceCell.m */ = {isa = PBXFileReference; fileEncoding = 4; lastKnownFileType = sourcecode.c.objc; path = DeviceCell.m; sourceTree = "<group>"; };
		279335EA1D5D2129001DFE84 /* LANProperties.h */ = {isa = PBXFileReference; fileEncoding = 4; lastKnownFileType = sourcecode.c.h; name = LANProperties.h; path = ../../MMLanScan/Misc/LANProperties.h; sourceTree = "<group>"; };
		279335EB1D5D2129001DFE84 /* LANProperties.m */ = {isa = PBXFileReference; fileEncoding = 4; lastKnownFileType = sourcecode.c.objc; name = LANProperties.m; path = ../../MMLanScan/Misc/LANProperties.m; sourceTree = "<group>"; };
		279335EC1D5D2129001DFE84 /* MMLANScanner.h */ = {isa = PBXFileReference; fileEncoding = 4; lastKnownFileType = sourcecode.c.h; name = MMLANScanner.h; path = ../../MMLanScan/Misc/MMLANScanner.h; sourceTree = "<group>"; };
		279335ED1D5D2129001DFE84 /* MMLANScanner.m */ = {isa = PBXFileReference; fileEncoding = 4; lastKnownFileType = sourcecode.c.objc; name = MMLANScanner.m; path = ../../MMLanScan/Misc/MMLANScanner.m; sourceTree = "<group>"; };
		279335F21D5D2129001DFE84 /* SimplePing.h */ = {isa = PBXFileReference; fileEncoding = 4; lastKnownFileType = sourcecode.c.h; path = SimplePing.h; sourceTree = "<group>"; };
		279335F31D5D2129001DFE84 /* SimplePing.m */ = {isa = PBXFileReference; fileEncoding = 4; lastKnownFileType = sourcecode.c.objc; path = SimplePing.m; sourceTree = "<group>"; };
		279336061D5D2BDC001DFE84 /* NetworkCalculator.h */ = {isa = PBXFileReference; fileEncoding = 4; lastKnownFileType = sourcecode.c.h; name = NetworkCalculator.h; path = ../../MMLanScan/Misc/NetworkCalculator.h; sourceTree = "<group>"; };
		279336071D5D2BDC001DFE84 /* NetworkCalculator.m */ = {isa = PBXFileReference; fileEncoding = 4; lastKnownFileType = sourcecode.c.objc; name = NetworkCalculator.m; path = ../../MMLanScan/Misc/NetworkCalculator.m; sourceTree = "<group>"; };
		27DBEFFE1E45FEF100685616 /* MacFinder.h */ = {isa = PBXFileReference; fileEncoding = 4; lastKnownFileType = sourcecode.c.h; path = MacFinder.h; sourceTree = "<group>"; };
		27DBEFFF1E45FEF100685616 /* MacFinder.m */ = {isa = PBXFileReference; fileEncoding = 4; lastKnownFileType = sourcecode.c.objc; path = MacFinder.m; sourceTree = "<group>"; };
		27DBF0021E45FF4B00685616 /* if_arp.h */ = {isa = PBXFileReference; lastKnownFileType = sourcecode.c.h; path = if_arp.h; sourceTree = "<group>"; };
		27DBF0031E45FF4B00685616 /* if_ether.h */ = {isa = PBXFileReference; lastKnownFileType = sourcecode.c.h; path = if_ether.h; sourceTree = "<group>"; };
		27DBF0041E45FF4B00685616 /* route.h */ = {isa = PBXFileReference; lastKnownFileType = sourcecode.c.h; path = route.h; sourceTree = "<group>"; };
		27F0DFCD1F105E1B0043C777 /* MMDevice.h */ = {isa = PBXFileReference; fileEncoding = 4; lastKnownFileType = sourcecode.c.h; path = MMDevice.h; sourceTree = "<group>"; };
		27F0DFCE1F105E1B0043C777 /* MMDevice.m */ = {isa = PBXFileReference; fileEncoding = 4; lastKnownFileType = sourcecode.c.objc; path = MMDevice.m; sourceTree = "<group>"; };
		82194E9B1DCC7F49003F2BA1 /* MainPresenter.h */ = {isa = PBXFileReference; fileEncoding = 4; lastKnownFileType = sourcecode.c.h; path = MainPresenter.h; sourceTree = "<group>"; };
		82194E9C1DCC7F49003F2BA1 /* MainPresenter.m */ = {isa = PBXFileReference; fileEncoding = 4; lastKnownFileType = sourcecode.c.objc; path = MainPresenter.m; sourceTree = "<group>"; };
		8224B5B41DCB7AAC00AE606F /* MACOperation.h */ = {isa = PBXFileReference; fileEncoding = 4; lastKnownFileType = sourcecode.c.h; name = MACOperation.h; path = ../../MMLanScan/Misc/MACOperation.h; sourceTree = "<group>"; };
		8224B5B51DCB7AAC00AE606F /* MACOperation.m */ = {isa = PBXFileReference; fileEncoding = 4; lastKnownFileType = sourcecode.c.objc; name = MACOperation.m; path = ../../MMLanScan/Misc/MACOperation.m; sourceTree = "<group>"; };
		8224B5B61DCB7AAC00AE606F /* PingOperation.h */ = {isa = PBXFileReference; fileEncoding = 4; lastKnownFileType = sourcecode.c.h; name = PingOperation.h; path = ../../MMLanScan/Misc/PingOperation.h; sourceTree = "<group>"; };
		8224B5B71DCB7AAC00AE606F /* PingOperation.m */ = {isa = PBXFileReference; fileEncoding = 4; lastKnownFileType = sourcecode.c.objc; name = PingOperation.m; path = ../../MMLanScan/Misc/PingOperation.m; sourceTree = "<group>"; };
/* End PBXFileReference section */

/* Begin PBXFrameworksBuildPhase section */
		279335BF1D5D1CB9001DFE84 /* Frameworks */ = {
			isa = PBXFrameworksBuildPhase;
			buildActionMask = 2147483647;
			files = (
			);
			runOnlyForDeploymentPostprocessing = 0;
		};
/* End PBXFrameworksBuildPhase section */

/* Begin PBXGroup section */
		2701AA311D61FD9D0058128B /* OUI */ = {
			isa = PBXGroup;
			children = (
				2701AA321D62000B0058128B /* OUIParser.h */,
				2701AA331D62000B0058128B /* OUIParser.m */,
				273FF3881D61D5130077E0E0 /* oui.txt */,
			);
			name = OUI;
			sourceTree = "<group>";
		};
		270DD9FD1E4653EE0041A61B /* SimplePing */ = {
			isa = PBXGroup;
			children = (
				279335F21D5D2129001DFE84 /* SimplePing.h */,
				279335F31D5D2129001DFE84 /* SimplePing.m */,
			);
			name = SimplePing;
			path = "../MMLanScan/External Libs/SimplePing";
			sourceTree = SOURCE_ROOT;
		};
		270DDA011E4655C50041A61B /* Data */ = {
			isa = PBXGroup;
			children = (
				27603A681E3AAE4C00F17DB5 /* data.plist */,
			);
			name = Data;
			path = ../MMLanScan/Data;
			sourceTree = SOURCE_ROOT;
		};
		279335B91D5D1CB9001DFE84 = {
			isa = PBXGroup;
			children = (
				279335C41D5D1CB9001DFE84 /* MMLanScan */,
				279335C31D5D1CB9001DFE84 /* Products */,
			);
			sourceTree = "<group>";
		};
		279335C31D5D1CB9001DFE84 /* Products */ = {
			isa = PBXGroup;
			children = (
				279335C21D5D1CB9001DFE84 /* MMLanScanDemo.app */,
			);
			name = Products;
			sourceTree = "<group>";
		};
		279335C41D5D1CB9001DFE84 /* MMLanScan */ = {
			isa = PBXGroup;
			children = (
				82194E9A1DCC7F22003F2BA1 /* MainVC */,
				279336021D5D2182001DFE84 /* Objects */,
				279336001D5D2171001DFE84 /* Libraries */,
				279335E11D5D1F27001DFE84 /* Cells */,
				279335DF1D5D1DB9001DFE84 /* Storyboards */,
				279335C51D5D1CB9001DFE84 /* Supporting Files */,
			);
			name = MMLanScan;
			path = MMLanScanDemo;
			sourceTree = "<group>";
		};
		279335C51D5D1CB9001DFE84 /* Supporting Files */ = {
			isa = PBXGroup;
			children = (
				2701AA311D61FD9D0058128B /* OUI */,
				279335D11D5D1CB9001DFE84 /* Assets.xcassets */,
				279335D61D5D1CB9001DFE84 /* Info.plist */,
				279335C61D5D1CB9001DFE84 /* main.m */,
			);
			name = "Supporting Files";
			sourceTree = "<group>";
		};
		279335DF1D5D1DB9001DFE84 /* Storyboards */ = {
			isa = PBXGroup;
			children = (
				279335CE1D5D1CB9001DFE84 /* Main.storyboard */,
				279335D31D5D1CB9001DFE84 /* LaunchScreen.storyboard */,
				279335E01D5D1DC6001DFE84 /* AppDelegate */,
			);
			name = Storyboards;
			sourceTree = "<group>";
		};
		279335E01D5D1DC6001DFE84 /* AppDelegate */ = {
			isa = PBXGroup;
			children = (
				279335C81D5D1CB9001DFE84 /* AppDelegate.h */,
				279335C91D5D1CB9001DFE84 /* AppDelegate.m */,
			);
			name = AppDelegate;
			sourceTree = "<group>";
		};
		279335E11D5D1F27001DFE84 /* Cells */ = {
			isa = PBXGroup;
			children = (
				279335E51D5D2066001DFE84 /* DeviceCell.h */,
				279335E61D5D2066001DFE84 /* DeviceCell.m */,
			);
			name = Cells;
			sourceTree = "<group>";
		};
		279336001D5D2171001DFE84 /* Libraries */ = {
			isa = PBXGroup;
			children = (
				270DDA011E4655C50041A61B /* Data */,
				27F479D61DCBF1D500672012 /* LAN Scan Libs */,
				27F479D41DCBF19D00672012 /* Operations */,
				27F479D51DCBF1BA00672012 /* External Libs */,
			);
			name = Libraries;
			sourceTree = "<group>";
		};
		279336021D5D2182001DFE84 /* Objects */ = {
			isa = PBXGroup;
			children = (
				27F0DFCD1F105E1B0043C777 /* MMDevice.h */,
				27F0DFCE1F105E1B0043C777 /* MMDevice.m */,
			);
			name = Objects;
			path = ../MMLanScan/Objects;
			sourceTree = SOURCE_ROOT;
		};
		27DBEFFD1E45FEC300685616 /* MacFinder */ = {
			isa = PBXGroup;
			children = (
				27DBF0011E45FEF400685616 /* Network Headers */,
				27DBEFFE1E45FEF100685616 /* MacFinder.h */,
				27DBEFFF1E45FEF100685616 /* MacFinder.m */,
			);
			name = MacFinder;
			path = "../MMLanScan/External Libs/MacFinder";
			sourceTree = SOURCE_ROOT;
		};
		27DBF0011E45FEF400685616 /* Network Headers */ = {
			isa = PBXGroup;
			children = (
				27DBF0021E45FF4B00685616 /* if_arp.h */,
				27DBF0031E45FF4B00685616 /* if_ether.h */,
				27DBF0041E45FF4B00685616 /* route.h */,
			);
			name = "Network Headers";
			path = "../MMLanScan/External Libs/MacFinder/Network Headers";
			sourceTree = SOURCE_ROOT;
		};
		27F479D41DCBF19D00672012 /* Operations */ = {
			isa = PBXGroup;
			children = (
				8224B5B41DCB7AAC00AE606F /* MACOperation.h */,
				8224B5B51DCB7AAC00AE606F /* MACOperation.m */,
				8224B5B61DCB7AAC00AE606F /* PingOperation.h */,
				8224B5B71DCB7AAC00AE606F /* PingOperation.m */,
			);
			name = Operations;
			sourceTree = "<group>";
		};
		27F479D51DCBF1BA00672012 /* External Libs */ = {
			isa = PBXGroup;
			children = (
				270DD9FD1E4653EE0041A61B /* SimplePing */,
				27DBEFFD1E45FEC300685616 /* MacFinder */,
			);
			name = "External Libs";
			sourceTree = "<group>";
		};
		27F479D61DCBF1D500672012 /* LAN Scan Libs */ = {
			isa = PBXGroup;
			children = (
				279335EA1D5D2129001DFE84 /* LANProperties.h */,
				279335EB1D5D2129001DFE84 /* LANProperties.m */,
				279335EC1D5D2129001DFE84 /* MMLANScanner.h */,
				279335ED1D5D2129001DFE84 /* MMLANScanner.m */,
				279336061D5D2BDC001DFE84 /* NetworkCalculator.h */,
				279336071D5D2BDC001DFE84 /* NetworkCalculator.m */,
			);
			name = "LAN Scan Libs";
			sourceTree = "<group>";
		};
		82194E9A1DCC7F22003F2BA1 /* MainVC */ = {
			isa = PBXGroup;
			children = (
				279335DC1D5D1CE5001DFE84 /* MainVC.h */,
				279335DD1D5D1CE5001DFE84 /* MainVC.m */,
				82194E9B1DCC7F49003F2BA1 /* MainPresenter.h */,
				82194E9C1DCC7F49003F2BA1 /* MainPresenter.m */,
			);
			name = MainVC;
			sourceTree = "<group>";
		};
/* End PBXGroup section */

/* Begin PBXNativeTarget section */
		279335C11D5D1CB9001DFE84 /* MMLanScanDemo */ = {
			isa = PBXNativeTarget;
			buildConfigurationList = 279335D91D5D1CB9001DFE84 /* Build configuration list for PBXNativeTarget "MMLanScanDemo" */;
			buildPhases = (
				279335BE1D5D1CB9001DFE84 /* Sources */,
				279335BF1D5D1CB9001DFE84 /* Frameworks */,
				279335C01D5D1CB9001DFE84 /* Resources */,
			);
			buildRules = (
			);
			dependencies = (
			);
			name = MMLanScanDemo;
			productName = MMLanScan;
			productReference = 279335C21D5D1CB9001DFE84 /* MMLanScanDemo.app */;
			productType = "com.apple.product-type.application";
		};
/* End PBXNativeTarget section */

/* Begin PBXProject section */
		279335BA1D5D1CB9001DFE84 /* Project object */ = {
			isa = PBXProject;
			attributes = {
				LastUpgradeCheck = 0900;
				ORGANIZATIONNAME = Miksoft;
				TargetAttributes = {
					279335C11D5D1CB9001DFE84 = {
						CreatedOnToolsVersion = 7.3;
						DevelopmentTeam = JSY962FCU8;
						ProvisioningStyle = Automatic;
					};
				};
			};
			buildConfigurationList = 279335BD1D5D1CB9001DFE84 /* Build configuration list for PBXProject "MMLanScanDemo" */;
			compatibilityVersion = "Xcode 3.2";
			developmentRegion = English;
			hasScannedForEncodings = 0;
			knownRegions = (
				en,
				Base,
			);
			mainGroup = 279335B91D5D1CB9001DFE84;
			productRefGroup = 279335C31D5D1CB9001DFE84 /* Products */;
			projectDirPath = "";
			projectRoot = "";
			targets = (
				279335C11D5D1CB9001DFE84 /* MMLanScanDemo */,
			);
		};
/* End PBXProject section */

/* Begin PBXResourcesBuildPhase section */
		279335C01D5D1CB9001DFE84 /* Resources */ = {
			isa = PBXResourcesBuildPhase;
			buildActionMask = 2147483647;
			files = (
				279335D51D5D1CB9001DFE84 /* LaunchScreen.storyboard in Resources */,
				279335D21D5D1CB9001DFE84 /* Assets.xcassets in Resources */,
				273FF3891D61D5130077E0E0 /* oui.txt in Resources */,
				27603A691E3AAE4C00F17DB5 /* data.plist in Resources */,
				279335D01D5D1CB9001DFE84 /* Main.storyboard in Resources */,
			);
			runOnlyForDeploymentPostprocessing = 0;
		};
/* End PBXResourcesBuildPhase section */

/* Begin PBXSourcesBuildPhase section */
		279335BE1D5D1CB9001DFE84 /* Sources */ = {
			isa = PBXSourcesBuildPhase;
			buildActionMask = 2147483647;
			files = (
				279335DE1D5D1CE5001DFE84 /* MainVC.m in Sources */,
				279335CA1D5D1CB9001DFE84 /* AppDelegate.m in Sources */,
				82194E9D1DCC7F49003F2BA1 /* MainPresenter.m in Sources */,
				27F0DFCF1F105E1B0043C777 /* MMDevice.m in Sources */,
				8224B5B81DCB7AAC00AE606F /* MACOperation.m in Sources */,
				279336081D5D2BDC001DFE84 /* NetworkCalculator.m in Sources */,
				2701AA341D62000B0058128B /* OUIParser.m in Sources */,
				27DBF0001E45FEF100685616 /* MacFinder.m in Sources */,
				279335F81D5D2129001DFE84 /* MMLANScanner.m in Sources */,
				279335FB1D5D2129001DFE84 /* SimplePing.m in Sources */,
				279335C71D5D1CB9001DFE84 /* main.m in Sources */,
				279335F71D5D2129001DFE84 /* LANProperties.m in Sources */,
				8224B5B91DCB7AAC00AE606F /* PingOperation.m in Sources */,
				279335E71D5D2066001DFE84 /* DeviceCell.m in Sources */,
			);
			runOnlyForDeploymentPostprocessing = 0;
		};
/* End PBXSourcesBuildPhase section */

/* Begin PBXVariantGroup section */
		279335CE1D5D1CB9001DFE84 /* Main.storyboard */ = {
			isa = PBXVariantGroup;
			children = (
				279335CF1D5D1CB9001DFE84 /* Base */,
			);
			name = Main.storyboard;
			sourceTree = "<group>";
		};
		279335D31D5D1CB9001DFE84 /* LaunchScreen.storyboard */ = {
			isa = PBXVariantGroup;
			children = (
				279335D41D5D1CB9001DFE84 /* Base */,
			);
			name = LaunchScreen.storyboard;
			sourceTree = "<group>";
		};
/* End PBXVariantGroup section */

/* Begin XCBuildConfiguration section */
		279335D71D5D1CB9001DFE84 /* Debug */ = {
			isa = XCBuildConfiguration;
			buildSettings = {
				ALWAYS_SEARCH_USER_PATHS = NO;
				CLANG_ANALYZER_NONNULL = YES;
				CLANG_CXX_LANGUAGE_STANDARD = "gnu++0x";
				CLANG_CXX_LIBRARY = "libc++";
				CLANG_ENABLE_MODULES = YES;
				CLANG_ENABLE_OBJC_ARC = YES;
				CLANG_WARN_BLOCK_CAPTURE_AUTORELEASING = YES;
				CLANG_WARN_BOOL_CONVERSION = YES;
				CLANG_WARN_COMMA = YES;
				CLANG_WARN_CONSTANT_CONVERSION = YES;
				CLANG_WARN_DIRECT_OBJC_ISA_USAGE = YES_ERROR;
				CLANG_WARN_EMPTY_BODY = YES;
				CLANG_WARN_ENUM_CONVERSION = YES;
				CLANG_WARN_INFINITE_RECURSION = YES;
				CLANG_WARN_INT_CONVERSION = YES;
				CLANG_WARN_NON_LITERAL_NULL_CONVERSION = YES;
				CLANG_WARN_OBJC_LITERAL_CONVERSION = YES;
				CLANG_WARN_OBJC_ROOT_CLASS = YES_ERROR;
				CLANG_WARN_RANGE_LOOP_ANALYSIS = YES;
				CLANG_WARN_STRICT_PROTOTYPES = YES;
				CLANG_WARN_SUSPICIOUS_MOVE = YES;
				CLANG_WARN_UNREACHABLE_CODE = YES;
				CLANG_WARN__DUPLICATE_METHOD_MATCH = YES;
				"CODE_SIGN_IDENTITY[sdk=iphoneos*]" = "iPhone Developer";
				COPY_PHASE_STRIP = NO;
				DEBUG_INFORMATION_FORMAT = dwarf;
				ENABLE_STRICT_OBJC_MSGSEND = YES;
				ENABLE_TESTABILITY = YES;
				GCC_C_LANGUAGE_STANDARD = gnu99;
				GCC_DYNAMIC_NO_PIC = NO;
				GCC_NO_COMMON_BLOCKS = YES;
				GCC_OPTIMIZATION_LEVEL = 0;
				GCC_PREPROCESSOR_DEFINITIONS = (
					"DEBUG=1",
					"$(inherited)",
				);
				GCC_WARN_64_TO_32_BIT_CONVERSION = YES;
				GCC_WARN_ABOUT_RETURN_TYPE = YES_ERROR;
				GCC_WARN_UNDECLARED_SELECTOR = YES;
				GCC_WARN_UNINITIALIZED_AUTOS = YES_AGGRESSIVE;
				GCC_WARN_UNUSED_FUNCTION = YES;
				GCC_WARN_UNUSED_VARIABLE = YES;
				IPHONEOS_DEPLOYMENT_TARGET = 9.3;
				MTL_ENABLE_DEBUG_INFO = YES;
				ONLY_ACTIVE_ARCH = YES;
				SDKROOT = iphoneos;
			};
			name = Debug;
		};
		279335D81D5D1CB9001DFE84 /* Release */ = {
			isa = XCBuildConfiguration;
			buildSettings = {
				ALWAYS_SEARCH_USER_PATHS = NO;
				CLANG_ANALYZER_NONNULL = YES;
				CLANG_CXX_LANGUAGE_STANDARD = "gnu++0x";
				CLANG_CXX_LIBRARY = "libc++";
				CLANG_ENABLE_MODULES = YES;
				CLANG_ENABLE_OBJC_ARC = YES;
				CLANG_WARN_BLOCK_CAPTURE_AUTORELEASING = YES;
				CLANG_WARN_BOOL_CONVERSION = YES;
				CLANG_WARN_COMMA = YES;
				CLANG_WARN_CONSTANT_CONVERSION = YES;
				CLANG_WARN_DIRECT_OBJC_ISA_USAGE = YES_ERROR;
				CLANG_WARN_EMPTY_BODY = YES;
				CLANG_WARN_ENUM_CONVERSION = YES;
				CLANG_WARN_INFINITE_RECURSION = YES;
				CLANG_WARN_INT_CONVERSION = YES;
				CLANG_WARN_NON_LITERAL_NULL_CONVERSION = YES;
				CLANG_WARN_OBJC_LITERAL_CONVERSION = YES;
				CLANG_WARN_OBJC_ROOT_CLASS = YES_ERROR;
				CLANG_WARN_RANGE_LOOP_ANALYSIS = YES;
				CLANG_WARN_STRICT_PROTOTYPES = YES;
				CLANG_WARN_SUSPICIOUS_MOVE = YES;
				CLANG_WARN_UNREACHABLE_CODE = YES;
				CLANG_WARN__DUPLICATE_METHOD_MATCH = YES;
				"CODE_SIGN_IDENTITY[sdk=iphoneos*]" = "iPhone Developer";
				COPY_PHASE_STRIP = NO;
				DEBUG_INFORMATION_FORMAT = "dwarf-with-dsym";
				ENABLE_NS_ASSERTIONS = NO;
				ENABLE_STRICT_OBJC_MSGSEND = YES;
				GCC_C_LANGUAGE_STANDARD = gnu99;
				GCC_NO_COMMON_BLOCKS = YES;
				GCC_WARN_64_TO_32_BIT_CONVERSION = YES;
				GCC_WARN_ABOUT_RETURN_TYPE = YES_ERROR;
				GCC_WARN_UNDECLARED_SELECTOR = YES;
				GCC_WARN_UNINITIALIZED_AUTOS = YES_AGGRESSIVE;
				GCC_WARN_UNUSED_FUNCTION = YES;
				GCC_WARN_UNUSED_VARIABLE = YES;
				IPHONEOS_DEPLOYMENT_TARGET = 9.3;
				MTL_ENABLE_DEBUG_INFO = NO;
				SDKROOT = iphoneos;
				VALIDATE_PRODUCT = YES;
			};
			name = Release;
		};
		279335DA1D5D1CB9001DFE84 /* Debug */ = {
			isa = XCBuildConfiguration;
			buildSettings = {
				ASSETCATALOG_COMPILER_APPICON_NAME = AppIcon;
				"CODE_SIGN_IDENTITY[sdk=iphoneos*]" = "iPhone Developer";
				CODE_SIGN_STYLE = Automatic;
				DEVELOPMENT_TEAM = JSY962FCU8;
				INFOPLIST_FILE = "$(SRCROOT)/MMLanScanDemo/Info.plist";
				IPHONEOS_DEPLOYMENT_TARGET = 8.0;
				LD_RUNPATH_SEARCH_PATHS = "$(inherited) @executable_path/Frameworks";
				PRODUCT_BUNDLE_IDENTIFIER = com.miksoft.MMLanScanDemo;
				PRODUCT_NAME = "$(TARGET_NAME)";
				PROVISIONING_PROFILE = "";
				PROVISIONING_PROFILE_SPECIFIER = "";
			};
			name = Debug;
		};
		279335DB1D5D1CB9001DFE84 /* Release */ = {
			isa = XCBuildConfiguration;
			buildSettings = {
				ASSETCATALOG_COMPILER_APPICON_NAME = AppIcon;
				"CODE_SIGN_IDENTITY[sdk=iphoneos*]" = "iPhone Developer";
				CODE_SIGN_STYLE = Automatic;
				DEVELOPMENT_TEAM = JSY962FCU8;
				INFOPLIST_FILE = "$(SRCROOT)/MMLanScanDemo/Info.plist";
				IPHONEOS_DEPLOYMENT_TARGET = 8.0;
				LD_RUNPATH_SEARCH_PATHS = "$(inherited) @executable_path/Frameworks";
				PRODUCT_BUNDLE_IDENTIFIER = com.miksoft.MMLanScanDemo;
				PRODUCT_NAME = "$(TARGET_NAME)";
				PROVISIONING_PROFILE = "";
				PROVISIONING_PROFILE_SPECIFIER = "";
			};
			name = Release;
		};
/* End XCBuildConfiguration section */

/* Begin XCConfigurationList section */
		279335BD1D5D1CB9001DFE84 /* Build configuration list for PBXProject "MMLanScanDemo" */ = {
			isa = XCConfigurationList;
			buildConfigurations = (
				279335D71D5D1CB9001DFE84 /* Debug */,
				279335D81D5D1CB9001DFE84 /* Release */,
			);
			defaultConfigurationIsVisible = 0;
			defaultConfigurationName = Release;
		};
		279335D91D5D1CB9001DFE84 /* Build configuration list for PBXNativeTarget "MMLanScanDemo" */ = {
			isa = XCConfigurationList;
			buildConfigurations = (
				279335DA1D5D1CB9001DFE84 /* Debug */,
				279335DB1D5D1CB9001DFE84 /* Release */,
			);
			defaultConfigurationIsVisible = 0;
			defaultConfigurationName = Release;
		};
/* End XCConfigurationList section */
	};
	rootObject = 279335BA1D5D1CB9001DFE84 /* Project object */;
}
